
Microsoft Visual Studio Solution File, Format Version 12.00
# Visual Studio Version 17
VisualStudioVersion = 17.11.35208.52
MinimumVisualStudioVersion = 10.0.40219.1
Project("{FAE04EC0-301F-11D3-BF4B-00C04F79EFBC}") = "CalculadoraNetFramework", "CalculadoraNetFramework\CalculadoraNetFramework.csproj", "{FED9757A-67CB-4772-9223-DA2EDBAD4E23}"
EndProject
Global
	GlobalSection(SolutionConfigurationPlatforms) = preSolution
		Debug|Any CPU = Debug|Any CPU
		Release|Any CPU = Release|Any CPU
	EndGlobalSection
	GlobalSection(ProjectConfigurationPlatforms) = postSolution
		{FED9757A-67CB-4772-9223-DA2EDBAD4E23}.Debug|Any CPU.ActiveCfg = Debug|Any CPU
		{FED9757A-67CB-4772-9223-DA2EDBAD4E23}.Debug|Any CPU.Build.0 = Debug|Any CPU
		{FED9757A-67CB-4772-9223-DA2EDBAD4E23}.Release|Any CPU.ActiveCfg = Release|Any CPU
		{FED9757A-67CB-4772-9223-DA2EDBAD4E23}.Release|Any CPU.Build.0 = Release|Any CPU
	EndGlobalSection
	GlobalSection(SolutionProperties) = preSolution
		HideSolutionNode = FALSE
	EndGlobalSection
	GlobalSection(ExtensibilityGlobals) = postSolution
		SolutionGuid = {AB8F5010-55AB-4ABA-BE41-F6E3040485AA}
	EndGlobalSection
EndGlobal
